
Microsoft Visual Studio Solution File, Format Version 12.00
# Visual Studio Version 17
VisualStudioVersion = 17.11.35208.52
MinimumVisualStudioVersion = 10.0.40219.1
Project("{FAE04EC0-301F-11D3-BF4B-00C04F79EFBC}") = "CriticalSectionTask", "CriticalSectionTask\CriticalSectionTask.csproj", "{2678C48A-7984-4E05-B6F7-11F19DC70B49}"
EndProject
Global
	GlobalSection(SolutionConfigurationPlatforms) = preSolution
		Debug|Any CPU = Debug|Any CPU
		Release|Any CPU = Release|Any CPU
	EndGlobalSection
	GlobalSection(ProjectConfigurationPlatforms) = postSolution
		{2678C48A-7984-4E05-B6F7-11F19DC70B49}.Debug|Any CPU.ActiveCfg = Debug|Any CPU
		{2678C48A-7984-4E05-B6F7-11F19DC70B49}.Debug|Any CPU.Build.0 = Debug|Any CPU
		{2678C48A-7984-4E05-B6F7-11F19DC70B49}.Release|Any CPU.ActiveCfg = Release|Any CPU
		{2678C48A-7984-4E05-B6F7-11F19DC70B49}.Release|Any CPU.Build.0 = Release|Any CPU
	EndGlobalSection
	GlobalSection(SolutionProperties) = preSolution
		HideSolutionNode = FALSE
	EndGlobalSection
	GlobalSection(ExtensibilityGlobals) = postSolution
		SolutionGuid = {68EB46A2-180F-40C7-9268-25358DBCE85B}
	EndGlobalSection
EndGlobal
